
Microsoft Visual Studio Solution File, Format Version 12.00
# Visual Studio Version 16
VisualStudioVersion = 16.0.29306.81
MinimumVisualStudioVersion = 10.0.40219.1
Project("{9A19103F-16F7-4668-BE54-9A1E7A4F7556}") = "JUDI.API.Ladder", "JUDI.API.Ladder\JUDI.API.Ladder.csproj", "{B9D08329-57C4-41DE-845C-2526DC06655E}"
EndProject
Project("{2150E333-8FDC-42A3-9474-1A3956D46DE8}") = "Solution Items", "Solution Items", "{15D827C7-EC09-4473-8AA8-3E89B5B395AD}"
	ProjectSection(SolutionItems) = preProject
		.editorConfig = .editorConfig
	EndProjectSection
EndProject
Project("{9A19103F-16F7-4668-BE54-9A1E7A4F7556}") = "JUDI.Server.Ladder.Data", "JUDI.Server.Ladder.Data\JUDI.Server.Ladder.Data.csproj", "{4BBB201A-CFE0-4D5B-8A39-28FB53ECEF37}"
EndProject
Project("{9A19103F-16F7-4668-BE54-9A1E7A4F7556}") = "JUDI.API.Ladder.Contract", "JUDI.API.Ladder.Contract\JUDI.API.Ladder.Contract.csproj", "{ABCBB397-BA76-4C12-9D3E-5D4818AF1433}"
EndProject
Project("{FAE04EC0-301F-11D3-BF4B-00C04F79EFBC}") = "JUDI.Server.Ladder.Business", "JUDI.Server.Ladder.Business\JUDI.Server.Ladder.Business.csproj", "{35DD944C-6C75-43E1-81BD-E69F32E78433}"
EndProject
Global
	GlobalSection(SolutionConfigurationPlatforms) = preSolution
		Debug|Any CPU = Debug|Any CPU
		Release|Any CPU = Release|Any CPU
	EndGlobalSection
	GlobalSection(ProjectConfigurationPlatforms) = postSolution
		{B9D08329-57C4-41DE-845C-2526DC06655E}.Debug|Any CPU.ActiveCfg = Debug|Any CPU
		{B9D08329-57C4-41DE-845C-2526DC06655E}.Debug|Any CPU.Build.0 = Debug|Any CPU
		{B9D08329-57C4-41DE-845C-2526DC06655E}.Release|Any CPU.ActiveCfg = Release|Any CPU
		{B9D08329-57C4-41DE-845C-2526DC06655E}.Release|Any CPU.Build.0 = Release|Any CPU
		{4BBB201A-CFE0-4D5B-8A39-28FB53ECEF37}.Debug|Any CPU.ActiveCfg = Debug|Any CPU
		{4BBB201A-CFE0-4D5B-8A39-28FB53ECEF37}.Debug|Any CPU.Build.0 = Debug|Any CPU
		{4BBB201A-CFE0-4D5B-8A39-28FB53ECEF37}.Release|Any CPU.ActiveCfg = Release|Any CPU
		{4BBB201A-CFE0-4D5B-8A39-28FB53ECEF37}.Release|Any CPU.Build.0 = Release|Any CPU
		{ABCBB397-BA76-4C12-9D3E-5D4818AF1433}.Debug|Any CPU.ActiveCfg = Debug|Any CPU
		{ABCBB397-BA76-4C12-9D3E-5D4818AF1433}.Debug|Any CPU.Build.0 = Debug|Any CPU
		{ABCBB397-BA76-4C12-9D3E-5D4818AF1433}.Release|Any CPU.ActiveCfg = Release|Any CPU
		{ABCBB397-BA76-4C12-9D3E-5D4818AF1433}.Release|Any CPU.Build.0 = Release|Any CPU
		{35DD944C-6C75-43E1-81BD-E69F32E78433}.Debug|Any CPU.ActiveCfg = Debug|Any CPU
		{35DD944C-6C75-43E1-81BD-E69F32E78433}.Debug|Any CPU.Build.0 = Debug|Any CPU
		{35DD944C-6C75-43E1-81BD-E69F32E78433}.Release|Any CPU.ActiveCfg = Release|Any CPU
		{35DD944C-6C75-43E1-81BD-E69F32E78433}.Release|Any CPU.Build.0 = Release|Any CPU
	EndGlobalSection
	GlobalSection(SolutionProperties) = preSolution
		HideSolutionNode = FALSE
	EndGlobalSection
	GlobalSection(ExtensibilityGlobals) = postSolution
		SolutionGuid = {E01B781C-D8F7-4527-BA25-D2F8F5A93CD9}
	EndGlobalSection
EndGlobal
